
Microsoft Visual Studio Solution File, Format Version 12.00
# Visual Studio Version 16
VisualStudioVersion = 16.0.30804.86
MinimumVisualStudioVersion = 10.0.40219.1
Project("{FAE04EC0-301F-11D3-BF4B-00C04F79EFBC}") = "TeamManager", "TeamManager\TeamManager.csproj", "{D905B5CB-785D-4280-A09B-70C77DFC1AFF}"
EndProject
Global
	GlobalSection(SolutionConfigurationPlatforms) = preSolution
		Debug|Any CPU = Debug|Any CPU
		Release|Any CPU = Release|Any CPU
	EndGlobalSection
	GlobalSection(ProjectConfigurationPlatforms) = postSolution
		{D905B5CB-785D-4280-A09B-70C77DFC1AFF}.Debug|Any CPU.ActiveCfg = Debug|Any CPU
		{D905B5CB-785D-4280-A09B-70C77DFC1AFF}.Debug|Any CPU.Build.0 = Debug|Any CPU
		{D905B5CB-785D-4280-A09B-70C77DFC1AFF}.Release|Any CPU.ActiveCfg = Release|Any CPU
		{D905B5CB-785D-4280-A09B-70C77DFC1AFF}.Release|Any CPU.Build.0 = Release|Any CPU
	EndGlobalSection
	GlobalSection(SolutionProperties) = preSolution
		HideSolutionNode = FALSE
	EndGlobalSection
	GlobalSection(ExtensibilityGlobals) = postSolution
		SolutionGuid = {8E79561E-2830-4D81-A304-1BE2DD8FF202}
	EndGlobalSection
EndGlobal
